
Microsoft Visual Studio Solution File, Format Version 12.00
# Visual Studio Version 16
VisualStudioVersion = 16.0.30907.101
MinimumVisualStudioVersion = 10.0.40219.1
Project("{9A19103F-16F7-4668-BE54-9A1E7A4F7556}") = "Pulse", "Pulse.csproj", "{242B907E-B766-43D9-8DBE-FF208A5C53FB}"
EndProject
Global
	GlobalSection(SolutionConfigurationPlatforms) = preSolution
		Debug|Any CPU = Debug|Any CPU
		Release|Any CPU = Release|Any CPU
	EndGlobalSection
	GlobalSection(ProjectConfigurationPlatforms) = postSolution
		{242B907E-B766-43D9-8DBE-FF208A5C53FB}.Debug|Any CPU.ActiveCfg = Debug|Any CPU
		{242B907E-B766-43D9-8DBE-FF208A5C53FB}.Debug|Any CPU.Build.0 = Debug|Any CPU
		{242B907E-B766-43D9-8DBE-FF208A5C53FB}.Release|Any CPU.ActiveCfg = Release|Any CPU
		{242B907E-B766-43D9-8DBE-FF208A5C53FB}.Release|Any CPU.Build.0 = Release|Any CPU
	EndGlobalSection
	GlobalSection(SolutionProperties) = preSolution
		HideSolutionNode = FALSE
	EndGlobalSection
	GlobalSection(ExtensibilityGlobals) = postSolution
		SolutionGuid = {08EA2491-BCE2-45DA-B128-8F7A79CD83B9}
	EndGlobalSection
EndGlobal
